<?xml version="1.0" encoding="utf-8"?>
<Project ToolsVersion="4.0" xmlns="http://schemas.microsoft.com/developer/msbuild/2003">
  <ItemGroup>
    <Filter Include="docs">
      <UniqueIdentifier>{a85dd89b-4b26-447d-b3a1-c1c901cc8e71}</UniqueIdentifier>
    </Filter>
    <Filter Include="src">
      <UniqueIdentifier>{511a636c-6603-455e-899d-29d9c55f341b}</UniqueIdentifier>
    </Filter>
    <Filter Include="src\core">
      <UniqueIdentifier>{9852cebb-1c46-49f7-b53c-3bd6f00b7898}</UniqueIdentifier>
    </Filter>
    <Filter Include="src\graphics">
      <UniqueIdentifier>{fda24433-7984-4679-b1ae-02ba968b15cb}</UniqueIdentifier>
    </Filter>
    <Filter Include="src\util">
      <UniqueIdentifier>{45c9af2f-3f8a-415a-83f8-3dc715c5f91d}</UniqueIdentifier>
    </Filter>
  </ItemGroup>
  <ItemGroup>
    <None Include="docs\Coding Conventions.md">
      <Filter>docs</Filter>
    </None>
  </ItemGroup>
  <ItemGroup>
    <ClCompile Include="src\core\Engine.cpp">
      <Filter>src\core</Filter>
    </ClCompile>
    <ClCompile Include="src\core\Win32_System.cpp">
      <Filter>src\core</Filter>
    </ClCompile>
    <ClCompile Include="src\core\Window.cpp">
      <Filter>src\core</Filter>
    </ClCompile>
    <ClCompile Include="src\graphics\Camera2D.cpp">
      <Filter>src\graphics</Filter>
    </ClCompile>
    <ClCompile Include="src\graphics\GLSLProgram.cpp">
      <Filter>src\graphics</Filter>
    </ClCompile>
    <ClCompile Include="src\graphics\GraphicsSystem.cpp">
      <Filter>src\graphics</Filter>
    </ClCompile>
    <ClCompile Include="src\graphics\Sprite.cpp">
      <Filter>src\graphics</Filter>
    </ClCompile>
    <ClCompile Include="src\graphics\SpriteBatch.cpp">
      <Filter>src\graphics</Filter>
    </ClCompile>
    <ClCompile Include="src\graphics\Text.cpp">
      <Filter>src\graphics</Filter>
    </ClCompile>
    <ClCompile Include="src\util\ImageLoader.cpp">
      <Filter>src\util</Filter>
    </ClCompile>
    <ClCompile Include="src\util\InputManager.cpp">
      <Filter>src\util</Filter>
    </ClCompile>
    <ClCompile Include="src\util\picoPNG.cpp">
      <Filter>src\util</Filter>
    </ClCompile>
    <ClCompile Include="src\util\util.cpp">
      <Filter>src\util</Filter>
    </ClCompile>
    <ClCompile Include="src\graphics\Label.cpp">
      <Filter>src\graphics</Filter>
    </ClCompile>
    <ClCompile Include="src\core\Application.cpp">
      <Filter>src\core</Filter>
    </ClCompile>
  </ItemGroup>
  <ItemGroup>
    <ClInclude Include="src\core\Engine.h">
      <Filter>src\core</Filter>
    </ClInclude>
    <ClInclude Include="src\core\Win32_System.h">
      <Filter>src\core</Filter>
    </ClInclude>
    <ClInclude Include="src\core\Window.h">
      <Filter>src\core</Filter>
    </ClInclude>
    <ClInclude Include="src\graphics\Camera2D.h">
      <Filter>src\graphics</Filter>
    </ClInclude>
    <ClInclude Include="src\graphics\GLSLProgram.h">
      <Filter>src\graphics</Filter>
    </ClInclude>
    <ClInclude Include="src\graphics\GLTexture.h">
      <Filter>src\graphics</Filter>
    </ClInclude>
    <ClInclude Include="src\graphics\GraphicsSystem.h">
      <Filter>src\graphics</Filter>
    </ClInclude>
    <ClInclude Include="src\graphics\Sprite.h">
      <Filter>src\graphics</Filter>
    </ClInclude>
    <ClInclude Include="src\graphics\SpriteBatch.h">
      <Filter>src\graphics</Filter>
    </ClInclude>
    <ClInclude Include="src\graphics\Text.h">
      <Filter>src\graphics</Filter>
    </ClInclude>
    <ClInclude Include="src\graphics\Vertex.h">
      <Filter>src\graphics</Filter>
    </ClInclude>
    <ClInclude Include="src\util\ImageLoader.h">
      <Filter>src\util</Filter>
    </ClInclude>
    <ClInclude Include="src\util\InputManager.h">
      <Filter>src\util</Filter>
    </ClInclude>
    <ClInclude Include="src\util\picoPNG.h">
      <Filter>src\util</Filter>
    </ClInclude>
    <ClInclude Include="src\util\util.h">
      <Filter>src\util</Filter>
    </ClInclude>
    <ClInclude Include="src\util\vecs.h">
      <Filter>src\util</Filter>
    </ClInclude>
    <ClInclude Include="src\util\random.hpp">
      <Filter>src\util</Filter>
    </ClInclude>
    <ClInclude Include="src\graphics\Label.h">
      <Filter>src\graphics</Filter>
    </ClInclude>
    <ClInclude Include="src\core\Application.h">
      <Filter>src\core</Filter>
    </ClInclude>
  </ItemGroup>
</Project>