<?xml version="1.0" encoding="utf-8"?>
<Project ToolsVersion="4.0" xmlns="http://schemas.microsoft.com/developer/msbuild/2003">
  <ItemGroup>
    <Filter Include="src">
      <UniqueIdentifier>{1938c043-1456-4df4-bc85-ae5011848caf}</UniqueIdentifier>
    </Filter>
    <Filter Include="src\core">
      <UniqueIdentifier>{05e25fca-a0fb-4d7e-b7cd-2031457effbe}</UniqueIdentifier>
    </Filter>
    <Filter Include="src\ai">
      <UniqueIdentifier>{7b1812e0-435f-4452-b97a-096f6949399a}</UniqueIdentifier>
    </Filter>
    <Filter Include="src\util">
      <UniqueIdentifier>{6ffa46d5-5621-4524-81d8-d646a50b36e8}</UniqueIdentifier>
    </Filter>
    <Filter Include="src\neuralnet">
      <UniqueIdentifier>{cb929066-5235-46d0-9b83-0a37a02a14fe}</UniqueIdentifier>
    </Filter>
  </ItemGroup>
  <ItemGroup>
    <ClCompile Include="src\core\Conquest.cpp">
      <Filter>src\core</Filter>
    </ClCompile>
    <ClCompile Include="src\core\GameObject.cpp">
      <Filter>src\core</Filter>
    </ClCompile>
    <ClCompile Include="src\core\main.cpp">
      <Filter>src\core</Filter>
    </ClCompile>
    <ClCompile Include="src\core\UIElement.cpp">
      <Filter>src\core</Filter>
    </ClCompile>
    <ClCompile Include="src\core\ServerSim.cpp">
      <Filter>src\core</Filter>
    </ClCompile>
    <ClCompile Include="src\core\EventQueue.cpp">
      <Filter>src\core</Filter>
    </ClCompile>
    <ClCompile Include="src\core\Event.cpp">
      <Filter>src\core</Filter>
    </ClCompile>
    <ClCompile Include="src\core\ConquestLocal.cpp">
      <Filter>src\core</Filter>
    </ClCompile>
    <ClCompile Include="src\ai\BadAI.cpp">
      <Filter>src\ai</Filter>
    </ClCompile>
    <ClCompile Include="src\ai\SimpleAI.cpp">
      <Filter>src\ai</Filter>
    </ClCompile>
    <ClCompile Include="src\ai\AI.cpp">
      <Filter>src\ai</Filter>
    </ClCompile>
    <ClCompile Include="src\util\sqlite3.c">
      <Filter>src\util</Filter>
    </ClCompile>
    <ClCompile Include="src\util\DatabaseHandler.cpp">
      <Filter>src\util</Filter>
    </ClCompile>
    <ClCompile Include="src\ai\NeuralAI.cpp">
      <Filter>src\ai</Filter>
    </ClCompile>
    <ClCompile Include="src\neuralnet\Neuron.cpp">
      <Filter>src\neuralnet</Filter>
    </ClCompile>
    <ClCompile Include="src\neuralnet\NeuralNet.cpp">
      <Filter>src\neuralnet</Filter>
    </ClCompile>
  </ItemGroup>
  <ItemGroup>
    <ClInclude Include="src\core\Conquest.h">
      <Filter>src\core</Filter>
    </ClInclude>
    <ClInclude Include="src\core\GameObject.h">
      <Filter>src\core</Filter>
    </ClInclude>
    <ClInclude Include="src\core\UIElement.h">
      <Filter>src\core</Filter>
    </ClInclude>
    <ClInclude Include="src\core\AStarNode.h">
      <Filter>src\core</Filter>
    </ClInclude>
    <ClInclude Include="src\core\ServerSim.h">
      <Filter>src\core</Filter>
    </ClInclude>
    <ClInclude Include="src\core\EventQueue.h">
      <Filter>src\core</Filter>
    </ClInclude>
    <ClInclude Include="src\core\Event.h">
      <Filter>src\core</Filter>
    </ClInclude>
    <ClInclude Include="src\core\ConquestLocal.h">
      <Filter>src\core</Filter>
    </ClInclude>
    <ClInclude Include="src\ai\AI.h">
      <Filter>src\ai</Filter>
    </ClInclude>
    <ClInclude Include="src\ai\BadAI.h">
      <Filter>src\ai</Filter>
    </ClInclude>
    <ClInclude Include="src\ai\SimpleAI.h">
      <Filter>src\ai</Filter>
    </ClInclude>
    <ClInclude Include="src\util\sqlite3.h">
      <Filter>src\util</Filter>
    </ClInclude>
    <ClInclude Include="src\util\DatabaseHandler.h">
      <Filter>src\util</Filter>
    </ClInclude>
    <ClInclude Include="src\ai\NeuralAI.h">
      <Filter>src\ai</Filter>
    </ClInclude>
    <ClInclude Include="src\neuralnet\Neuron.h">
      <Filter>src\neuralnet</Filter>
    </ClInclude>
    <ClInclude Include="src\neuralnet\NeuralNet.h">
      <Filter>src\neuralnet</Filter>
    </ClInclude>
  </ItemGroup>
  <ItemGroup>
    <None Include="packages.config" />
  </ItemGroup>
</Project>